
Microsoft Visual Studio Solution File, Format Version 12.00
# Visual Studio Version 16
VisualStudioVersion = 16.0.32228.343
MinimumVisualStudioVersion = 10.0.40219.1
Project("{F184B08F-C81C-45F6-A57F-5ABD9991F28F}") = "Pre-Test PT Sekawan Intiplast", "Pre-Test PT Sekawan Intiplast\Pre-Test PT Sekawan Intiplast.vbproj", "{2E9F95E1-04C0-4BA0-A7A5-4E0314534C09}"
EndProject
Global
	GlobalSection(SolutionConfigurationPlatforms) = preSolution
		Debug|Any CPU = Debug|Any CPU
		Release|Any CPU = Release|Any CPU
	EndGlobalSection
	GlobalSection(ProjectConfigurationPlatforms) = postSolution
		{2E9F95E1-04C0-4BA0-A7A5-4E0314534C09}.Debug|Any CPU.ActiveCfg = Debug|Any CPU
		{2E9F95E1-04C0-4BA0-A7A5-4E0314534C09}.Debug|Any CPU.Build.0 = Debug|Any CPU
		{2E9F95E1-04C0-4BA0-A7A5-4E0314534C09}.Release|Any CPU.ActiveCfg = Release|Any CPU
		{2E9F95E1-04C0-4BA0-A7A5-4E0314534C09}.Release|Any CPU.Build.0 = Release|Any CPU
	EndGlobalSection
	GlobalSection(SolutionProperties) = preSolution
		HideSolutionNode = FALSE
	EndGlobalSection
	GlobalSection(ExtensibilityGlobals) = postSolution
		SolutionGuid = {947F4FF4-1D39-48A0-9E65-1DE9FEEC412B}
	EndGlobalSection
EndGlobal
